<?xml version="1.0" encoding="utf-8"?>
<Project ToolsVersion="4.0" xmlns="http://schemas.microsoft.com/developer/msbuild/2003">
  <ItemGroup>
    <Filter Include="Resource Files">
      <UniqueIdentifier>{1a913106-0be0-4476-b0ce-2aa855072614}</UniqueIdentifier>
      <Extensions>ico;cur;bmp;dlg;rc2;rct;bin;cnt;rtf;gif;jpg;jpeg;jpe</Extensions>
    </Filter>
    <Filter Include="MFC">
      <UniqueIdentifier>{da904ee8-7f59-4a6c-b3ff-b91b6fb6d0ea}</UniqueIdentifier>
    </Filter>
    <Filter Include="GameLibrary">
      <UniqueIdentifier>{df7aa532-3fdf-46a0-b3fc-8f5922e8d9e4}</UniqueIdentifier>
    </Filter>
    <Filter Include="MyGame">
      <UniqueIdentifier>{0c798913-b7d2-4e26-8241-0f83266cd626}</UniqueIdentifier>
    </Filter>
  </ItemGroup>
  <ItemGroup>
    <None Include="Res\ball.bmp">
      <Filter>Resource Files</Filter>
    </None>
    <None Include="RES\bmp0.bmp">
      <Filter>Resource Files</Filter>
    </None>
    <None Include="RES\bmp1.bmp">
      <Filter>Resource Files</Filter>
    </None>
    <None Include="RES\bmp10.bmp">
      <Filter>Resource Files</Filter>
    </None>
    <None Include="RES\bmp2.bmp">
      <Filter>Resource Files</Filter>
    </None>
    <None Include="RES\bmp3.bmp">
      <Filter>Resource Files</Filter>
    </None>
    <None Include="RES\bmp4.bmp">
      <Filter>Resource Files</Filter>
    </None>
    <None Include="RES\bmp5.bmp">
      <Filter>Resource Files</Filter>
    </None>
    <None Include="RES\bmp6.bmp">
      <Filter>Resource Files</Filter>
    </None>
    <None Include="RES\bmp7.bmp">
      <Filter>Resource Files</Filter>
    </None>
    <None Include="RES\bmp8.bmp">
      <Filter>Resource Files</Filter>
    </None>
    <None Include="RES\bmp9.bmp">
      <Filter>Resource Files</Filter>
    </None>
    <None Include="RES\center.bmp">
      <Filter>Resource Files</Filter>
    </None>
    <None Include="RES\continue.bmp">
      <Filter>Resource Files</Filter>
    </None>
    <None Include="Res\corner.bmp">
      <Filter>Resource Files</Filter>
    </None>
    <None Include="RES\eraser1.bmp">
      <Filter>Resource Files</Filter>
    </None>
    <None Include="RES\eraser2.bmp">
      <Filter>Resource Files</Filter>
    </None>
    <None Include="RES\eraser3.bmp">
      <Filter>Resource Files</Filter>
    </None>
    <None Include="res\game.ico">
      <Filter>Resource Files</Filter>
    </None>
    <None Include="res\game.rc2">
      <Filter>Resource Files</Filter>
    </None>
    <None Include="RES\gamecurs.cur">
      <Filter>Resource Files</Filter>
    </None>
    <None Include="res\gameDoc.ico">
      <Filter>Resource Files</Filter>
    </None>
    <None Include="RES\help.bmp">
      <Filter>Resource Files</Filter>
    </None>
    <None Include="RES\loading.bmp">
      <Filter>Resource Files</Filter>
    </None>
    <None Include="RES\ntutcsie.bmp">
      <Filter>Resource Files</Filter>
    </None>
    <None Include="res\Toolbar.bmp">
      <Filter>Resource Files</Filter>
    </None>
  </ItemGroup>
  <ItemGroup>
    <ClCompile Include="Source\audio.cpp">
      <Filter>GameLibrary</Filter>
    </ClCompile>
    <ClCompile Include="Source\game.cpp">
      <Filter>MFC</Filter>
    </ClCompile>
    <ClCompile Include="Source\gameDoc.cpp">
      <Filter>MFC</Filter>
    </ClCompile>
    <ClCompile Include="Source\gamelib.cpp">
      <Filter>GameLibrary</Filter>
    </ClCompile>
    <ClCompile Include="Source\gameView.cpp">
      <Filter>MFC</Filter>
    </ClCompile>
    <ClCompile Include="Source\MainFrm.cpp">
      <Filter>MFC</Filter>
    </ClCompile>
    <ClCompile Include="Source\StdAfx.cpp">
      <Filter>MFC</Filter>
    </ClCompile>
    <ClCompile Include="Source\mygame.cpp">
      <Filter>MyGame</Filter>
    </ClCompile>
    <ClCompile Include="Source\Cat_friend.cpp">
      <Filter>MyGame</Filter>
    </ClCompile>
    <ClCompile Include="Source\Tower_friend.cpp">
      <Filter>MyGame</Filter>
    </ClCompile>
    <ClCompile Include="Source\Tower_enemy.cpp">
      <Filter>MyGame</Filter>
    </ClCompile>
    <ClCompile Include="Source\Cat_enemy.cpp">
      <Filter>MyGame</Filter>
    </ClCompile>
    <ClCompile Include="Source\Stage1.cpp">
      <Filter>MyGame</Filter>
    </ClCompile>
    <ClCompile Include="Source\Stage2.cpp">
      <Filter>MyGame</Filter>
    </ClCompile>
    <ClCompile Include="Source\Stage3.cpp">
      <Filter>MyGame</Filter>
    </ClCompile>
    <ClCompile Include="Source\Stage4.cpp">
      <Filter>MyGame</Filter>
    </ClCompile>
    <ClCompile Include="Source\Stage5.cpp">
      <Filter>MyGame</Filter>
    </ClCompile>
    <ClCompile Include="Source\Stage6.cpp">
      <Filter>MyGame</Filter>
    </ClCompile>
    <ClCompile Include="Source\Stage7.cpp">
      <Filter>MyGame</Filter>
    </ClCompile>
    <ClCompile Include="Source\Stage8.cpp">
      <Filter>MyGame</Filter>
    </ClCompile>
    <ClCompile Include="Source\Stage9.cpp">
      <Filter>MyGame</Filter>
    </ClCompile>
    <ClCompile Include="Source\Stage10.cpp">
      <Filter>MyGame</Filter>
    </ClCompile>
    <ClCompile Include="Source\SimpleFactory.cpp">
      <Filter>MyGame</Filter>
    </ClCompile>
  </ItemGroup>
  <ItemGroup>
    <ClInclude Include="Source\audio.h">
      <Filter>GameLibrary</Filter>
    </ClInclude>
    <ClInclude Include="Source\game.h">
      <Filter>MFC</Filter>
    </ClInclude>
    <ClInclude Include="Source\gameDoc.h">
      <Filter>MFC</Filter>
    </ClInclude>
    <ClInclude Include="Source\gamelib.h">
      <Filter>GameLibrary</Filter>
    </ClInclude>
    <ClInclude Include="Source\gameView.h">
      <Filter>MFC</Filter>
    </ClInclude>
    <ClInclude Include="Source\MainFrm.h">
      <Filter>MFC</Filter>
    </ClInclude>
    <ClInclude Include="Source\Resource.h">
      <Filter>MFC</Filter>
    </ClInclude>
    <ClInclude Include="Source\StdAfx.h">
      <Filter>MFC</Filter>
    </ClInclude>
    <ClInclude Include="Source\mygame.h">
      <Filter>MyGame</Filter>
    </ClInclude>
    <ClInclude Include="Source\Cat_friend.h">
      <Filter>MyGame</Filter>
    </ClInclude>
    <ClInclude Include="Source\Cat.h">
      <Filter>MyGame</Filter>
    </ClInclude>
    <ClInclude Include="Source\Tower_enemy.h">
      <Filter>MyGame</Filter>
    </ClInclude>
    <ClInclude Include="Source\Tower_friend.h">
      <Filter>MyGame</Filter>
    </ClInclude>
    <ClInclude Include="Source\Cat_enemy.h">
      <Filter>MyGame</Filter>
    </ClInclude>
    <ClInclude Include="Source\Stage.h">
      <Filter>MyGame</Filter>
    </ClInclude>
    <ClInclude Include="Source\Stage1.h">
      <Filter>MyGame</Filter>
    </ClInclude>
    <ClInclude Include="Source\Stage2.h">
      <Filter>MyGame</Filter>
    </ClInclude>
    <ClInclude Include="Source\Stage3.h">
      <Filter>MyGame</Filter>
    </ClInclude>
    <ClInclude Include="Source\Stage4.h">
      <Filter>MyGame</Filter>
    </ClInclude>
    <ClInclude Include="Source\Stage5.h">
      <Filter>MyGame</Filter>
    </ClInclude>
    <ClInclude Include="Source\Stage6.h">
      <Filter>MyGame</Filter>
    </ClInclude>
    <ClInclude Include="Source\Stage7.h">
      <Filter>MyGame</Filter>
    </ClInclude>
    <ClInclude Include="Source\Stage8.h">
      <Filter>MyGame</Filter>
    </ClInclude>
    <ClInclude Include="Source\Stage9.h">
      <Filter>MyGame</Filter>
    </ClInclude>
    <ClInclude Include="Source\Stage10.h">
      <Filter>MyGame</Filter>
    </ClInclude>
    <ClInclude Include="Source\SimpleFactory.h">
      <Filter>MyGame</Filter>
    </ClInclude>
  </ItemGroup>
  <ItemGroup>
    <ResourceCompile Include="Source\game.rc">
      <Filter>MFC</Filter>
    </ResourceCompile>
  </ItemGroup>
  <ItemGroup>
    <Image Include="RES\back1.bmp">
      <Filter>Resource Files</Filter>
    </Image>
    <Image Include="RES\opend.bmp">
      <Filter>Resource Files</Filter>
    </Image>
    <Image Include="RES\start.bmp">
      <Filter>Resource Files</Filter>
    </Image>
    <Image Include="RES\tower1.bmp">
      <Filter>Resource Files</Filter>
    </Image>
    <Image Include="RES\tower2.bmp">
      <Filter>Resource Files</Filter>
    </Image>
    <Image Include="RES\e_dog_walk_0.bmp">
      <Filter>Resource Files</Filter>
    </Image>
    <Image Include="RES\upgrade.bmp">
      <Filter>Resource Files</Filter>
    </Image>
    <Image Include="RES\upgrade_black.bmp">
      <Filter>Resource Files</Filter>
    </Image>
    <Image Include="RES\empty_block.bmp">
      <Filter>Resource Files</Filter>
    </Image>
    <Image Include="RES\0.bmp">
      <Filter>Resource Files</Filter>
    </Image>
    <Image Include="RES\1.bmp">
      <Filter>Resource Files</Filter>
    </Image>
    <Image Include="RES\2.bmp">
      <Filter>Resource Files</Filter>
    </Image>
    <Image Include="RES\3.bmp">
      <Filter>Resource Files</Filter>
    </Image>
    <Image Include="RES\4.bmp">
      <Filter>Resource Files</Filter>
    </Image>
    <Image Include="RES\5.bmp">
      <Filter>Resource Files</Filter>
    </Image>
    <Image Include="RES\6.bmp">
      <Filter>Resource Files</Filter>
    </Image>
    <Image Include="RES\7.bmp">
      <Filter>Resource Files</Filter>
    </Image>
    <Image Include="RES\8.bmp">
      <Filter>Resource Files</Filter>
    </Image>
    <Image Include="RES\9.bmp">
      <Filter>Resource Files</Filter>
    </Image>
    <Image Include="RES\slash.bmp">
      <Filter>Resource Files</Filter>
    </Image>
    <Image Include="RES\e_dog_knockback.bmp">
      <Filter>Resource Files</Filter>
    </Image>
    <Image Include="RES\e_dog_walk_1.bmp">
      <Filter>Resource Files</Filter>
    </Image>
    <Image Include="RES\e_dog_walk_2.bmp">
      <Filter>Resource Files</Filter>
    </Image>
    <Image Include="RES\f_marshmellow_hit_0.bmp">
      <Filter>Resource Files</Filter>
    </Image>
    <Image Include="RES\f_marshmellow_hit_1.bmp">
      <Filter>Resource Files</Filter>
    </Image>
    <Image Include="RES\f_marshmellow_hit_2.bmp">
      <Filter>Resource Files</Filter>
    </Image>
    <Image Include="RES\f_marshmellow_walk_0.bmp">
      <Filter>Resource Files</Filter>
    </Image>
    <Image Include="RES\f_marshmellow_walk_1.bmp">
      <Filter>Resource Files</Filter>
    </Image>
    <Image Include="RES\f_marshmellow_walk_2.bmp">
      <Filter>Resource Files</Filter>
    </Image>
    <Image Include="RES\t0.bmp">
      <Filter>Resource Files</Filter>
    </Image>
    <Image Include="RES\t1.bmp">
      <Filter>Resource Files</Filter>
    </Image>
    <Image Include="RES\t2.bmp">
      <Filter>Resource Files</Filter>
    </Image>
    <Image Include="RES\t3.bmp">
      <Filter>Resource Files</Filter>
    </Image>
    <Image Include="RES\t4.bmp">
      <Filter>Resource Files</Filter>
    </Image>
    <Image Include="RES\t5.bmp">
      <Filter>Resource Files</Filter>
    </Image>
    <Image Include="RES\t6.bmp">
      <Filter>Resource Files</Filter>
    </Image>
    <Image Include="RES\t7.bmp">
      <Filter>Resource Files</Filter>
    </Image>
    <Image Include="RES\t8.bmp">
      <Filter>Resource Files</Filter>
    </Image>
    <Image Include="RES\t9.bmp">
      <Filter>Resource Files</Filter>
    </Image>
    <Image Include="RES\slash_T.bmp">
      <Filter>Resource Files</Filter>
    </Image>
    <Image Include="RES\f_000_f_walk_0.bmp">
      <Filter>Resource Files</Filter>
    </Image>
    <Image Include="RES\back2.bmp">
      <Filter>Resource Files</Filter>
    </Image>
    <Image Include="RES\back3.bmp">
      <Filter>Resource Files</Filter>
    </Image>
    <Image Include="RES\back4.bmp">
      <Filter>Resource Files</Filter>
    </Image>
    <Image Include="RES\back5.bmp">
      <Filter>Resource Files</Filter>
    </Image>
    <Image Include="RES\back6.bmp">
      <Filter>Resource Files</Filter>
    </Image>
    <Image Include="RES\back7.bmp">
      <Filter>Resource Files</Filter>
    </Image>
    <Image Include="RES\back8.bmp">
      <Filter>Resource Files</Filter>
    </Image>
    <Image Include="RES\back9.bmp">
      <Filter>Resource Files</Filter>
    </Image>
    <Image Include="RES\back10.bmp">
      <Filter>Resource Files</Filter>
    </Image>
    <Image Include="RES\cat\f000\f000_f_walk_0.bmp">
      <Filter>Resource Files</Filter>
    </Image>
    <Image Include="RES\cat\f000\f000_f_walk_1.bmp">
      <Filter>Resource Files</Filter>
    </Image>
    <Image Include="RES\cat\f000\f000_f_walk_2.bmp">
      <Filter>Resource Files</Filter>
    </Image>
    <Image Include="RES\cat\f000\f000_f_attack_0.bmp">
      <Filter>Resource Files</Filter>
    </Image>
    <Image Include="RES\cat\f000\f000_f_attack_1.bmp">
      <Filter>Resource Files</Filter>
    </Image>
    <Image Include="RES\cat\f000\f000_f_attack_2.bmp">
      <Filter>Resource Files</Filter>
    </Image>
    <Image Include="RES\cat\f000\f000_f_attack_3.bmp">
      <Filter>Resource Files</Filter>
    </Image>
    <Image Include="RES\cat\f000\f000_f_knockback_0.bmp">
      <Filter>Resource Files</Filter>
    </Image>
    <Image Include="RES\cat\f000\f000_f_uni.bmp">
      <Filter>Resource Files</Filter>
    </Image>
    <Image Include="RES\cat\f001\f001_f_walk_0.bmp">
      <Filter>Resource Files</Filter>
    </Image>
    <Image Include="RES\cat\f001\f001_f_walk_1.bmp">
      <Filter>Resource Files</Filter>
    </Image>
    <Image Include="RES\cat\f001\f001_f_walk_2.bmp">
      <Filter>Resource Files</Filter>
    </Image>
    <Image Include="RES\cat\f001\f001_f_attack_0.bmp">
      <Filter>Resource Files</Filter>
    </Image>
    <Image Include="RES\cat\f001\f001_f_attack_1.bmp">
      <Filter>Resource Files</Filter>
    </Image>
    <Image Include="RES\cat\f001\f001_f_attack_2.bmp">
      <Filter>Resource Files</Filter>
    </Image>
    <Image Include="RES\cat\f001\f001_f_attack_3.bmp">
      <Filter>Resource Files</Filter>
    </Image>
    <Image Include="RES\cat\f001\f001_f_knockback_0.bmp">
      <Filter>Resource Files</Filter>
    </Image>
    <Image Include="RES\cat\f001\f001_f_uni.bmp">
      <Filter>Resource Files</Filter>
    </Image>
    <Image Include="RES\cat\f004\f004_f_walk_0.bmp">
      <Filter>Resource Files</Filter>
    </Image>
    <Image Include="RES\cat\f004\f004_f_walk_1.bmp">
      <Filter>Resource Files</Filter>
    </Image>
    <Image Include="RES\cat\f004\f004_f_walk_2.bmp">
      <Filter>Resource Files</Filter>
    </Image>
    <Image Include="RES\cat\f004\f004_f_walk_3.bmp">
      <Filter>Resource Files</Filter>
    </Image>
    <Image Include="RES\cat\f004\f004_f_attack_0.bmp">
      <Filter>Resource Files</Filter>
    </Image>
    <Image Include="RES\cat\f004\f004_f_attack_1.bmp">
      <Filter>Resource Files</Filter>
    </Image>
    <Image Include="RES\cat\f004\f004_f_attack_2.bmp">
      <Filter>Resource Files</Filter>
    </Image>
    <Image Include="RES\cat\f004\f004_f_attack_3.bmp">
      <Filter>Resource Files</Filter>
    </Image>
    <Image Include="RES\cat\f004\f004_f_knockback_0.bmp">
      <Filter>Resource Files</Filter>
    </Image>
    <Image Include="RES\cat\f004\f004_f_uni.bmp">
      <Filter>Resource Files</Filter>
    </Image>
    <Image Include="RES\cat\f018\f018_f_walk_0.bmp">
      <Filter>Resource Files</Filter>
    </Image>
    <Image Include="RES\cat\f018\f018_f_walk_1.bmp">
      <Filter>Resource Files</Filter>
    </Image>
    <Image Include="RES\cat\f018\f018_f_walk_2.bmp">
      <Filter>Resource Files</Filter>
    </Image>
    <Image Include="RES\cat\f018\f018_f_walk_3.bmp">
      <Filter>Resource Files</Filter>
    </Image>
    <Image Include="RES\cat\f018\f018_f_attack_0.bmp">
      <Filter>Resource Files</Filter>
    </Image>
    <Image Include="RES\cat\f018\f018_f_attack_1.bmp">
      <Filter>Resource Files</Filter>
    </Image>
    <Image Include="RES\cat\f018\f018_f_attack_2.bmp">
      <Filter>Resource Files</Filter>
    </Image>
    <Image Include="RES\cat\f018\f018_f_attack_3.bmp">
      <Filter>Resource Files</Filter>
    </Image>
    <Image Include="RES\cat\f018\f018_f_attack_4.bmp">
      <Filter>Resource Files</Filter>
    </Image>
    <Image Include="RES\cat\f018\f018_f_attack_5.bmp">
      <Filter>Resource Files</Filter>
    </Image>
    <Image Include="RES\cat\f018\f018_f_attack_6.bmp">
      <Filter>Resource Files</Filter>
    </Image>
    <Image Include="RES\cat\f018\f018_f_attack_7.bmp">
      <Filter>Resource Files</Filter>
    </Image>
    <Image Include="RES\cat\f018\f018_f_knockback_0.bmp">
      <Filter>Resource Files</Filter>
    </Image>
    <Image Include="RES\enemy\e000\e000_walk_0.bmp">
      <Filter>Resource Files</Filter>
    </Image>
    <Image Include="RES\enemy\e000\e000_walk_1.bmp">
      <Filter>Resource Files</Filter>
    </Image>
    <Image Include="RES\enemy\e000\e000_walk_2.bmp">
      <Filter>Resource Files</Filter>
    </Image>
    <Image Include="RES\enemy\e000\e000_attack_0.bmp">
      <Filter>Resource Files</Filter>
    </Image>
    <Image Include="RES\enemy\e000\e000_attack_1.bmp">
      <Filter>Resource Files</Filter>
    </Image>
    <Image Include="RES\enemy\e000\e000_attack_2.bmp">
      <Filter>Resource Files</Filter>
    </Image>
    <Image Include="RES\enemy\e000\e000_attack_3.bmp">
      <Filter>Resource Files</Filter>
    </Image>
    <Image Include="RES\enemy\e000\e000_knockback_0.bmp">
      <Filter>Resource Files</Filter>
    </Image>
    <Image Include="RES\enemy\e001\e001_walk_0.bmp">
      <Filter>Resource Files</Filter>
    </Image>
    <Image Include="RES\enemy\e001\e001_walk_1.bmp">
      <Filter>Resource Files</Filter>
    </Image>
    <Image Include="RES\enemy\e001\e001_walk_2.bmp">
      <Filter>Resource Files</Filter>
    </Image>
    <Image Include="RES\enemy\e001\e001_walk_3.bmp">
      <Filter>Resource Files</Filter>
    </Image>
    <Image Include="RES\enemy\e001\e001_attack_0.bmp">
      <Filter>Resource Files</Filter>
    </Image>
    <Image Include="RES\enemy\e001\e001_attack_1.bmp">
      <Filter>Resource Files</Filter>
    </Image>
    <Image Include="RES\enemy\e001\e001_attack_2.bmp">
      <Filter>Resource Files</Filter>
    </Image>
    <Image Include="RES\enemy\e001\e001_attack_3.bmp">
      <Filter>Resource Files</Filter>
    </Image>
    <Image Include="RES\enemy\e001\e001_knockback_0.bmp">
      <Filter>Resource Files</Filter>
    </Image>
    <Image Include="RES\enemy\e018\e018_walk_0.bmp">
      <Filter>Resource Files</Filter>
    </Image>
    <Image Include="RES\enemy\e018\e018_walk_1.bmp">
      <Filter>Resource Files</Filter>
    </Image>
    <Image Include="RES\enemy\e018\e018_walk_2.bmp">
      <Filter>Resource Files</Filter>
    </Image>
    <Image Include="RES\enemy\e018\e018_attack_0.bmp">
      <Filter>Resource Files</Filter>
    </Image>
    <Image Include="RES\enemy\e018\e018_attack_1.bmp">
      <Filter>Resource Files</Filter>
    </Image>
    <Image Include="RES\enemy\e018\e018_attack_2.bmp">
      <Filter>Resource Files</Filter>
    </Image>
    <Image Include="RES\enemy\e018\e018_knockback_0.bmp">
      <Filter>Resource Files</Filter>
    </Image>
  </ItemGroup>
</Project>